
Microsoft Visual Studio Solution File, Format Version 12.00
# Visual Studio Version 17
VisualStudioVersion = 17.2.32630.192
MinimumVisualStudioVersion = 10.0.40219.1
Project("{9A19103F-16F7-4668-BE54-9A1E7A4F7556}") = "HttpProxy.Core", "HttpProxy.Core\HttpProxy.Core.csproj", "{61443BDF-FA78-44C7-BE39-945D8B0EC211}"
EndProject
Project("{FAE04EC0-301F-11D3-BF4B-00C04F79EFBC}") = "NekedCatProxy", "NekedCatProxy\NekedCatProxy.csproj", "{04E11383-9768-4E11-BFEB-4D498E8413EF}"
EndProject
Global
	GlobalSection(SolutionConfigurationPlatforms) = preSolution
		Debug|Any CPU = Debug|Any CPU
		Release|Any CPU = Release|Any CPU
	EndGlobalSection
	GlobalSection(ProjectConfigurationPlatforms) = postSolution
		{61443BDF-FA78-44C7-BE39-945D8B0EC211}.Debug|Any CPU.ActiveCfg = Debug|Any CPU
		{61443BDF-FA78-44C7-BE39-945D8B0EC211}.Debug|Any CPU.Build.0 = Debug|Any CPU
		{61443BDF-FA78-44C7-BE39-945D8B0EC211}.Release|Any CPU.ActiveCfg = Release|Any CPU
		{61443BDF-FA78-44C7-BE39-945D8B0EC211}.Release|Any CPU.Build.0 = Release|Any CPU
		{04E11383-9768-4E11-BFEB-4D498E8413EF}.Debug|Any CPU.ActiveCfg = Debug|Any CPU
		{04E11383-9768-4E11-BFEB-4D498E8413EF}.Debug|Any CPU.Build.0 = Debug|Any CPU
		{04E11383-9768-4E11-BFEB-4D498E8413EF}.Release|Any CPU.ActiveCfg = Release|Any CPU
		{04E11383-9768-4E11-BFEB-4D498E8413EF}.Release|Any CPU.Build.0 = Release|Any CPU
	EndGlobalSection
	GlobalSection(SolutionProperties) = preSolution
		HideSolutionNode = FALSE
	EndGlobalSection
	GlobalSection(ExtensibilityGlobals) = postSolution
		SolutionGuid = {69DA461E-E3D4-42B8-A1A3-8BC98282E462}
	EndGlobalSection
EndGlobal
